// !$*UTF8*$!
{
	archiveVersion = 1;
	classes = {
	};
	objectVersion = 46;
	objects = {

/* Begin PBXBuildFile section */
		D336D2881C8F370600C8BB36 /* LoadingViewController.swift in Sources */ = {isa = PBXBuildFile; fileRef = D336D2871C8F370600C8BB36 /* LoadingViewController.swift */; };
		D379328A1C7B7FC1008B7B64 /* AppDelegate.swift in Sources */ = {isa = PBXBuildFile; fileRef = D37932891C7B7FC1008B7B64 /* AppDelegate.swift */; };
		D379328C1C7B7FC1008B7B64 /* HomeViewController.swift in Sources */ = {isa = PBXBuildFile; fileRef = D379328B1C7B7FC1008B7B64 /* HomeViewController.swift */; };
		D37932921C7B7FC1008B7B64 /* RhythmTap.xcdatamodeld in Sources */ = {isa = PBXBuildFile; fileRef = D37932901C7B7FC1008B7B64 /* RhythmTap.xcdatamodeld */; };
		D37932941C7B7FC1008B7B64 /* Assets.xcassets in Resources */ = {isa = PBXBuildFile; fileRef = D37932931C7B7FC1008B7B64 /* Assets.xcassets */; };
		D37932971C7B7FC1008B7B64 /* LaunchScreen.storyboard in Resources */ = {isa = PBXBuildFile; fileRef = D37932951C7B7FC1008B7B64 /* LaunchScreen.storyboard */; };
		D37932AD1C7B7FC1008B7B64 /* RhythmTapUITests.swift in Sources */ = {isa = PBXBuildFile; fileRef = D37932AC1C7B7FC1008B7B64 /* RhythmTapUITests.swift */; };
		D37C77761C8A8FB500972147 /* libSuperpoweredAudioIOS.a in Frameworks */ = {isa = PBXBuildFile; fileRef = D37C77741C8A8FB500972147 /* libSuperpoweredAudioIOS.a */; };
		D37C777A1C8A912600972147 /* AdvancedAudioPlayer.mm in Sources */ = {isa = PBXBuildFile; fileRef = D37C77791C8A912600972147 /* AdvancedAudioPlayer.mm */; };
		D37C777C1C8A943F00972147 /* AdvancedAudioPlayerTests.mm in Sources */ = {isa = PBXBuildFile; fileRef = D37C777B1C8A943F00972147 /* AdvancedAudioPlayerTests.mm */; };
		D3BB53831C8BAA90005DD54B /* CoreMedia.framework in Frameworks */ = {isa = PBXBuildFile; fileRef = D3BB53821C8BAA90005DD54B /* CoreMedia.framework */; };
		D3BB53851C8BAA97005DD54B /* MediaPlayer.framework in Frameworks */ = {isa = PBXBuildFile; fileRef = D3BB53841C8BAA97005DD54B /* MediaPlayer.framework */; };
		D3BB53871C8BAAA0005DD54B /* AVFoundation.framework in Frameworks */ = {isa = PBXBuildFile; fileRef = D3BB53861C8BAAA0005DD54B /* AVFoundation.framework */; };
		D3BB53891C8BAAA9005DD54B /* AudioToolbox.framework in Frameworks */ = {isa = PBXBuildFile; fileRef = D3BB53881C8BAAA9005DD54B /* AudioToolbox.framework */; };
		D3BB538B1C8BAAB3005DD54B /* Foundation.framework in Frameworks */ = {isa = PBXBuildFile; fileRef = D3BB538A1C8BAAB3005DD54B /* Foundation.framework */; };
		D3BB538D1C8BAABA005DD54B /* CoreGraphics.framework in Frameworks */ = {isa = PBXBuildFile; fileRef = D3BB538C1C8BAABA005DD54B /* CoreGraphics.framework */; };
		D3BB538F1C8BAABF005DD54B /* UIKit.framework in Frameworks */ = {isa = PBXBuildFile; fileRef = D3BB538E1C8BAABF005DD54B /* UIKit.framework */; };
		D3BB53911C8BADD0005DD54B /* SuperpoweredIOSAudioIO.mm in Sources */ = {isa = PBXBuildFile; fileRef = D3BB53901C8BADD0005DD54B /* SuperpoweredIOSAudioIO.mm */; };
		D3BED0071C7F66450047C2C5 /* AudioPlayer.swift in Sources */ = {isa = PBXBuildFile; fileRef = D3BED0061C7F66450047C2C5 /* AudioPlayer.swift */; };
		D3BED0121C7F7AE50047C2C5 /* Tracks in Resources */ = {isa = PBXBuildFile; fileRef = D3BED0111C7F7AE50047C2C5 /* Tracks */; };
		D3C058D51C8CD3BA00308BF9 /* AudioAnalyzer.mm in Sources */ = {isa = PBXBuildFile; fileRef = D3C058D41C8CD3BA00308BF9 /* AudioAnalyzer.mm */; };
		D3C058D71C8CDBF800308BF9 /* AudioAnalyzerTests.mm in Sources */ = {isa = PBXBuildFile; fileRef = D3C058D61C8CDBF800308BF9 /* AudioAnalyzerTests.mm */; };
		D3C058DB1C8D1F1100308BF9 /* AudioTrack.m in Sources */ = {isa = PBXBuildFile; fileRef = D3C058DA1C8D1F1100308BF9 /* AudioTrack.m */; };
		D3D8A8AE1C7B82720017E533 /* HomeViewControllerTests.swift in Sources */ = {isa = PBXBuildFile; fileRef = D3D8A8AD1C7B82720017E533 /* HomeViewControllerTests.swift */; };
		F3163A8E1C7F8B21000F9884 /* Main.storyboard in Resources */ = {isa = PBXBuildFile; fileRef = F3163A8D1C7F8B21000F9884 /* Main.storyboard */; };
		F3677B041C7B991E00AD7471 /* GameViewController.swift in Sources */ = {isa = PBXBuildFile; fileRef = F3677B031C7B991E00AD7471 /* GameViewController.swift */; };
		F3677B071C7B9C1600AD7471 /* Taps.swift in Sources */ = {isa = PBXBuildFile; fileRef = F3677B061C7B9C1600AD7471 /* Taps.swift */; };
/* End PBXBuildFile section */

/* Begin PBXContainerItemProxy section */
		D379329E1C7B7FC1008B7B64 /* PBXContainerItemProxy */ = {
			isa = PBXContainerItemProxy;
			containerPortal = D379327E1C7B7FC1008B7B64 /* Project object */;
			proxyType = 1;
			remoteGlobalIDString = D37932851C7B7FC1008B7B64;
			remoteInfo = RhythmTap;
		};
		D37932A91C7B7FC1008B7B64 /* PBXContainerItemProxy */ = {
			isa = PBXContainerItemProxy;
			containerPortal = D379327E1C7B7FC1008B7B64 /* Project object */;
			proxyType = 1;
			remoteGlobalIDString = D37932851C7B7FC1008B7B64;
			remoteInfo = RhythmTap;
		};
/* End PBXContainerItemProxy section */

/* Begin PBXFileReference section */
		D336D2871C8F370600C8BB36 /* LoadingViewController.swift */ = {isa = PBXFileReference; fileEncoding = 4; lastKnownFileType = sourcecode.swift; path = LoadingViewController.swift; sourceTree = "<group>"; };
		D34C09591C8E239E00B2BA00 /* AdvancedAudioPlayer.h */ = {isa = PBXFileReference; fileEncoding = 4; lastKnownFileType = sourcecode.c.h; path = AdvancedAudioPlayer.h; sourceTree = "<group>"; };
		D37932861C7B7FC1008B7B64 /* RhythmTap.app */ = {isa = PBXFileReference; explicitFileType = wrapper.application; includeInIndex = 0; path = RhythmTap.app; sourceTree = BUILT_PRODUCTS_DIR; };
		D37932891C7B7FC1008B7B64 /* AppDelegate.swift */ = {isa = PBXFileReference; lastKnownFileType = sourcecode.swift; path = AppDelegate.swift; sourceTree = "<group>"; };
		D379328B1C7B7FC1008B7B64 /* HomeViewController.swift */ = {isa = PBXFileReference; lastKnownFileType = sourcecode.swift; path = HomeViewController.swift; sourceTree = "<group>"; };
		D37932911C7B7FC1008B7B64 /* RhythmTap.xcdatamodel */ = {isa = PBXFileReference; lastKnownFileType = wrapper.xcdatamodel; path = RhythmTap.xcdatamodel; sourceTree = "<group>"; };
		D37932931C7B7FC1008B7B64 /* Assets.xcassets */ = {isa = PBXFileReference; lastKnownFileType = folder.assetcatalog; path = Assets.xcassets; sourceTree = "<group>"; };
		D37932961C7B7FC1008B7B64 /* Base */ = {isa = PBXFileReference; lastKnownFileType = file.storyboard; name = Base; path = Base.lproj/LaunchScreen.storyboard; sourceTree = "<group>"; };
		D37932981C7B7FC1008B7B64 /* Info.plist */ = {isa = PBXFileReference; lastKnownFileType = text.plist.xml; path = Info.plist; sourceTree = "<group>"; };
		D379329D1C7B7FC1008B7B64 /* RhythmTapTests.xctest */ = {isa = PBXFileReference; explicitFileType = wrapper.cfbundle; includeInIndex = 0; path = RhythmTapTests.xctest; sourceTree = BUILT_PRODUCTS_DIR; };
		D37932A31C7B7FC1008B7B64 /* Info.plist */ = {isa = PBXFileReference; lastKnownFileType = text.plist.xml; path = Info.plist; sourceTree = "<group>"; };
		D37932A81C7B7FC1008B7B64 /* RhythmTapUITests.xctest */ = {isa = PBXFileReference; explicitFileType = wrapper.cfbundle; includeInIndex = 0; path = RhythmTapUITests.xctest; sourceTree = BUILT_PRODUCTS_DIR; };
		D37932AC1C7B7FC1008B7B64 /* RhythmTapUITests.swift */ = {isa = PBXFileReference; lastKnownFileType = sourcecode.swift; path = RhythmTapUITests.swift; sourceTree = "<group>"; };
		D37932AE1C7B7FC1008B7B64 /* Info.plist */ = {isa = PBXFileReference; lastKnownFileType = text.plist.xml; path = Info.plist; sourceTree = "<group>"; };
		D37C77741C8A8FB500972147 /* libSuperpoweredAudioIOS.a */ = {isa = PBXFileReference; lastKnownFileType = archive.ar; name = libSuperpoweredAudioIOS.a; path = "Third Party/libSuperpoweredAudioIOS.a"; sourceTree = "<group>"; };
		D37C77751C8A8FB500972147 /* SuperpoweredAnalyzer.h */ = {isa = PBXFileReference; fileEncoding = 4; lastKnownFileType = sourcecode.c.h; name = SuperpoweredAnalyzer.h; path = "Third Party/SuperpoweredAnalyzer.h"; sourceTree = "<group>"; };
		D37C77781C8A912600972147 /* RhythmTap-Bridging-Header.h */ = {isa = PBXFileReference; lastKnownFileType = sourcecode.c.h; path = "RhythmTap-Bridging-Header.h"; sourceTree = "<group>"; };
		D37C77791C8A912600972147 /* AdvancedAudioPlayer.mm */ = {isa = PBXFileReference; fileEncoding = 4; lastKnownFileType = sourcecode.cpp.objcpp; path = AdvancedAudioPlayer.mm; sourceTree = "<group>"; };
		D37C777B1C8A943F00972147 /* AdvancedAudioPlayerTests.mm */ = {isa = PBXFileReference; fileEncoding = 4; lastKnownFileType = sourcecode.cpp.objcpp; path = AdvancedAudioPlayerTests.mm; sourceTree = "<group>"; };
		D3BB53821C8BAA90005DD54B /* CoreMedia.framework */ = {isa = PBXFileReference; lastKnownFileType = wrapper.framework; name = CoreMedia.framework; path = System/Library/Frameworks/CoreMedia.framework; sourceTree = SDKROOT; };
		D3BB53841C8BAA97005DD54B /* MediaPlayer.framework */ = {isa = PBXFileReference; lastKnownFileType = wrapper.framework; name = MediaPlayer.framework; path = System/Library/Frameworks/MediaPlayer.framework; sourceTree = SDKROOT; };
		D3BB53861C8BAAA0005DD54B /* AVFoundation.framework */ = {isa = PBXFileReference; lastKnownFileType = wrapper.framework; name = AVFoundation.framework; path = System/Library/Frameworks/AVFoundation.framework; sourceTree = SDKROOT; };
		D3BB53881C8BAAA9005DD54B /* AudioToolbox.framework */ = {isa = PBXFileReference; lastKnownFileType = wrapper.framework; name = AudioToolbox.framework; path = System/Library/Frameworks/AudioToolbox.framework; sourceTree = SDKROOT; };
		D3BB538A1C8BAAB3005DD54B /* Foundation.framework */ = {isa = PBXFileReference; lastKnownFileType = wrapper.framework; name = Foundation.framework; path = System/Library/Frameworks/Foundation.framework; sourceTree = SDKROOT; };
		D3BB538C1C8BAABA005DD54B /* CoreGraphics.framework */ = {isa = PBXFileReference; lastKnownFileType = wrapper.framework; name = CoreGraphics.framework; path = System/Library/Frameworks/CoreGraphics.framework; sourceTree = SDKROOT; };
		D3BB538E1C8BAABF005DD54B /* UIKit.framework */ = {isa = PBXFileReference; lastKnownFileType = wrapper.framework; name = UIKit.framework; path = System/Library/Frameworks/UIKit.framework; sourceTree = SDKROOT; };
		D3BB53901C8BADD0005DD54B /* SuperpoweredIOSAudioIO.mm */ = {isa = PBXFileReference; fileEncoding = 4; lastKnownFileType = sourcecode.cpp.objcpp; name = SuperpoweredIOSAudioIO.mm; path = "Third Party/SuperpoweredIOSAudioIO.mm"; sourceTree = "<group>"; };
		D3BED0061C7F66450047C2C5 /* AudioPlayer.swift */ = {isa = PBXFileReference; fileEncoding = 4; lastKnownFileType = sourcecode.swift; path = AudioPlayer.swift; sourceTree = "<group>"; };
		D3BED0111C7F7AE50047C2C5 /* Tracks */ = {isa = PBXFileReference; lastKnownFileType = folder; path = Tracks; sourceTree = SOURCE_ROOT; };
		D3C058D41C8CD3BA00308BF9 /* AudioAnalyzer.mm */ = {isa = PBXFileReference; fileEncoding = 4; lastKnownFileType = sourcecode.cpp.objcpp; path = AudioAnalyzer.mm; sourceTree = "<group>"; };
		D3C058D61C8CDBF800308BF9 /* AudioAnalyzerTests.mm */ = {isa = PBXFileReference; fileEncoding = 4; lastKnownFileType = sourcecode.cpp.objcpp; path = AudioAnalyzerTests.mm; sourceTree = "<group>"; };
		D3C058D81C8CE7D100308BF9 /* AudioAnalyzer.h */ = {isa = PBXFileReference; fileEncoding = 4; lastKnownFileType = sourcecode.c.h; path = AudioAnalyzer.h; sourceTree = "<group>"; };
		D3C058D91C8D1EAD00308BF9 /* AudioTrack.h */ = {isa = PBXFileReference; fileEncoding = 4; lastKnownFileType = sourcecode.c.h; path = AudioTrack.h; sourceTree = "<group>"; };
		D3C058DA1C8D1F1100308BF9 /* AudioTrack.m */ = {isa = PBXFileReference; fileEncoding = 4; lastKnownFileType = sourcecode.c.objc; path = AudioTrack.m; sourceTree = "<group>"; };
		D3D8A8AD1C7B82720017E533 /* HomeViewControllerTests.swift */ = {isa = PBXFileReference; fileEncoding = 4; lastKnownFileType = sourcecode.swift; path = HomeViewControllerTests.swift; sourceTree = "<group>"; };
		D3DC7F081C8B462400DE3F09 /* Superpowered3BandEQ.h */ = {isa = PBXFileReference; fileEncoding = 4; lastKnownFileType = sourcecode.c.h; name = Superpowered3BandEQ.h; path = "Third Party/Superpowered3BandEQ.h"; sourceTree = "<group>"; };
		D3DC7F091C8B462400DE3F09 /* SuperpoweredAdvancedAudioPlayer.h */ = {isa = PBXFileReference; fileEncoding = 4; lastKnownFileType = sourcecode.c.h; name = SuperpoweredAdvancedAudioPlayer.h; path = "Third Party/SuperpoweredAdvancedAudioPlayer.h"; sourceTree = "<group>"; };
		D3DC7F0A1C8B462400DE3F09 /* SuperpoweredAndroidAudioIO.h */ = {isa = PBXFileReference; fileEncoding = 4; lastKnownFileType = sourcecode.c.h; name = SuperpoweredAndroidAudioIO.h; path = "Third Party/SuperpoweredAndroidAudioIO.h"; sourceTree = "<group>"; };
		D3DC7F0B1C8B462400DE3F09 /* SuperpoweredAudioBuffers.h */ = {isa = PBXFileReference; fileEncoding = 4; lastKnownFileType = sourcecode.c.h; name = SuperpoweredAudioBuffers.h; path = "Third Party/SuperpoweredAudioBuffers.h"; sourceTree = "<group>"; };
		D3DC7F0C1C8B462400DE3F09 /* SuperpoweredBandpassFilterbank.h */ = {isa = PBXFileReference; fileEncoding = 4; lastKnownFileType = sourcecode.c.h; name = SuperpoweredBandpassFilterbank.h; path = "Third Party/SuperpoweredBandpassFilterbank.h"; sourceTree = "<group>"; };
		D3DC7F0D1C8B462400DE3F09 /* SuperpoweredClipper.h */ = {isa = PBXFileReference; fileEncoding = 4; lastKnownFileType = sourcecode.c.h; name = SuperpoweredClipper.h; path = "Third Party/SuperpoweredClipper.h"; sourceTree = "<group>"; };
		D3DC7F0E1C8B462400DE3F09 /* SuperpoweredCompressor.h */ = {isa = PBXFileReference; fileEncoding = 4; lastKnownFileType = sourcecode.c.h; name = SuperpoweredCompressor.h; path = "Third Party/SuperpoweredCompressor.h"; sourceTree = "<group>"; };
		D3DC7F0F1C8B462400DE3F09 /* SuperpoweredDecoder.h */ = {isa = PBXFileReference; fileEncoding = 4; lastKnownFileType = sourcecode.c.h; name = SuperpoweredDecoder.h; path = "Third Party/SuperpoweredDecoder.h"; sourceTree = "<group>"; };
		D3DC7F101C8B462400DE3F09 /* SuperpoweredEcho.h */ = {isa = PBXFileReference; fileEncoding = 4; lastKnownFileType = sourcecode.c.h; name = SuperpoweredEcho.h; path = "Third Party/SuperpoweredEcho.h"; sourceTree = "<group>"; };
		D3DC7F111C8B462400DE3F09 /* SuperpoweredFFT.h */ = {isa = PBXFileReference; fileEncoding = 4; lastKnownFileType = sourcecode.c.h; name = SuperpoweredFFT.h; path = "Third Party/SuperpoweredFFT.h"; sourceTree = "<group>"; };
		D3DC7F121C8B462400DE3F09 /* SuperpoweredFilter.h */ = {isa = PBXFileReference; fileEncoding = 4; lastKnownFileType = sourcecode.c.h; name = SuperpoweredFilter.h; path = "Third Party/SuperpoweredFilter.h"; sourceTree = "<group>"; };
		D3DC7F131C8B462400DE3F09 /* SuperpoweredFlanger.h */ = {isa = PBXFileReference; fileEncoding = 4; lastKnownFileType = sourcecode.c.h; name = SuperpoweredFlanger.h; path = "Third Party/SuperpoweredFlanger.h"; sourceTree = "<group>"; };
		D3DC7F141C8B462400DE3F09 /* SuperpoweredFrequencyDomain.h */ = {isa = PBXFileReference; fileEncoding = 4; lastKnownFileType = sourcecode.c.h; name = SuperpoweredFrequencyDomain.h; path = "Third Party/SuperpoweredFrequencyDomain.h"; sourceTree = "<group>"; };
		D3DC7F151C8B462400DE3F09 /* SuperpoweredFX.h */ = {isa = PBXFileReference; fileEncoding = 4; lastKnownFileType = sourcecode.c.h; name = SuperpoweredFX.h; path = "Third Party/SuperpoweredFX.h"; sourceTree = "<group>"; };
		D3DC7F161C8B462400DE3F09 /* SuperpoweredGate.h */ = {isa = PBXFileReference; fileEncoding = 4; lastKnownFileType = sourcecode.c.h; name = SuperpoweredGate.h; path = "Third Party/SuperpoweredGate.h"; sourceTree = "<group>"; };
		D3DC7F171C8B462400DE3F09 /* SuperpoweredIOSAudioIO.h */ = {isa = PBXFileReference; fileEncoding = 4; lastKnownFileType = sourcecode.c.h; name = SuperpoweredIOSAudioIO.h; path = "Third Party/SuperpoweredIOSAudioIO.h"; sourceTree = "<group>"; };
		D3DC7F181C8B462400DE3F09 /* SuperpoweredLimiter.h */ = {isa = PBXFileReference; fileEncoding = 4; lastKnownFileType = sourcecode.c.h; name = SuperpoweredLimiter.h; path = "Third Party/SuperpoweredLimiter.h"; sourceTree = "<group>"; };
		D3DC7F191C8B462400DE3F09 /* SuperpoweredMixer.h */ = {isa = PBXFileReference; fileEncoding = 4; lastKnownFileType = sourcecode.c.h; name = SuperpoweredMixer.h; path = "Third Party/SuperpoweredMixer.h"; sourceTree = "<group>"; };
		D3DC7F1A1C8B462400DE3F09 /* SuperpoweredOSXAudioIO.h */ = {isa = PBXFileReference; fileEncoding = 4; lastKnownFileType = sourcecode.c.h; name = SuperpoweredOSXAudioIO.h; path = "Third Party/SuperpoweredOSXAudioIO.h"; sourceTree = "<group>"; };
		D3DC7F1B1C8B462400DE3F09 /* SuperpoweredRecorder.h */ = {isa = PBXFileReference; fileEncoding = 4; lastKnownFileType = sourcecode.c.h; name = SuperpoweredRecorder.h; path = "Third Party/SuperpoweredRecorder.h"; sourceTree = "<group>"; };
		D3DC7F1C1C8B462400DE3F09 /* SuperpoweredResampler.h */ = {isa = PBXFileReference; fileEncoding = 4; lastKnownFileType = sourcecode.c.h; name = SuperpoweredResampler.h; path = "Third Party/SuperpoweredResampler.h"; sourceTree = "<group>"; };
		D3DC7F1D1C8B462400DE3F09 /* SuperpoweredReverb.h */ = {isa = PBXFileReference; fileEncoding = 4; lastKnownFileType = sourcecode.c.h; name = SuperpoweredReverb.h; path = "Third Party/SuperpoweredReverb.h"; sourceTree = "<group>"; };
		D3DC7F1E1C8B462400DE3F09 /* SuperpoweredRoll.h */ = {isa = PBXFileReference; fileEncoding = 4; lastKnownFileType = sourcecode.c.h; name = SuperpoweredRoll.h; path = "Third Party/SuperpoweredRoll.h"; sourceTree = "<group>"; };
		D3DC7F1F1C8B462400DE3F09 /* SuperpoweredSimple.h */ = {isa = PBXFileReference; fileEncoding = 4; lastKnownFileType = sourcecode.c.h; name = SuperpoweredSimple.h; path = "Third Party/SuperpoweredSimple.h"; sourceTree = "<group>"; };
		D3DC7F201C8B462400DE3F09 /* SuperpoweredTimeStretching.h */ = {isa = PBXFileReference; fileEncoding = 4; lastKnownFileType = sourcecode.c.h; name = SuperpoweredTimeStretching.h; path = "Third Party/SuperpoweredTimeStretching.h"; sourceTree = "<group>"; };
		D3DC7F211C8B462400DE3F09 /* SuperpoweredtvOSAudioIO.h */ = {isa = PBXFileReference; fileEncoding = 4; lastKnownFileType = sourcecode.c.h; name = SuperpoweredtvOSAudioIO.h; path = "Third Party/SuperpoweredtvOSAudioIO.h"; sourceTree = "<group>"; };
		D3DC7F221C8B462400DE3F09 /* SuperpoweredWhoosh.h */ = {isa = PBXFileReference; fileEncoding = 4; lastKnownFileType = sourcecode.c.h; name = SuperpoweredWhoosh.h; path = "Third Party/SuperpoweredWhoosh.h"; sourceTree = "<group>"; };
		F3163A8D1C7F8B21000F9884 /* Main.storyboard */ = {isa = PBXFileReference; fileEncoding = 4; lastKnownFileType = file.storyboard; path = Main.storyboard; sourceTree = "<group>"; };
		F3677B031C7B991E00AD7471 /* GameViewController.swift */ = {isa = PBXFileReference; fileEncoding = 4; lastKnownFileType = sourcecode.swift; path = GameViewController.swift; sourceTree = "<group>"; };
		F3677B061C7B9C1600AD7471 /* Taps.swift */ = {isa = PBXFileReference; fileEncoding = 4; lastKnownFileType = sourcecode.swift; path = Taps.swift; sourceTree = "<group>"; };
/* End PBXFileReference section */

/* Begin PBXFrameworksBuildPhase section */
		D37932831C7B7FC1008B7B64 /* Frameworks */ = {
			isa = PBXFrameworksBuildPhase;
			buildActionMask = 2147483647;
			files = (
				D3BB538F1C8BAABF005DD54B /* UIKit.framework in Frameworks */,
				D3BB538D1C8BAABA005DD54B /* CoreGraphics.framework in Frameworks */,
				D3BB538B1C8BAAB3005DD54B /* Foundation.framework in Frameworks */,
				D3BB53891C8BAAA9005DD54B /* AudioToolbox.framework in Frameworks */,
				D3BB53871C8BAAA0005DD54B /* AVFoundation.framework in Frameworks */,
				D3BB53851C8BAA97005DD54B /* MediaPlayer.framework in Frameworks */,
				D3BB53831C8BAA90005DD54B /* CoreMedia.framework in Frameworks */,
				D37C77761C8A8FB500972147 /* libSuperpoweredAudioIOS.a in Frameworks */,
			);
			runOnlyForDeploymentPostprocessing = 0;
		};
		D379329A1C7B7FC1008B7B64 /* Frameworks */ = {
			isa = PBXFrameworksBuildPhase;
			buildActionMask = 2147483647;
			files = (
			);
			runOnlyForDeploymentPostprocessing = 0;
		};
		D37932A51C7B7FC1008B7B64 /* Frameworks */ = {
			isa = PBXFrameworksBuildPhase;
			buildActionMask = 2147483647;
			files = (
			);
			runOnlyForDeploymentPostprocessing = 0;
		};
/* End PBXFrameworksBuildPhase section */

/* Begin PBXGroup section */
		D336D2891C8F372800C8BB36 /* Loading View */ = {
			isa = PBXGroup;
			children = (
				D336D2871C8F370600C8BB36 /* LoadingViewController.swift */,
			);
			name = "Loading View";
			sourceTree = "<group>";
		};
		D379327D1C7B7FC1008B7B64 = {
			isa = PBXGroup;
			children = (
				D37932881C7B7FC1008B7B64 /* RhythmTap */,
				D37932A01C7B7FC1008B7B64 /* RhythmTapTests */,
				D37932AB1C7B7FC1008B7B64 /* RhythmTapUITests */,
				D37932871C7B7FC1008B7B64 /* Products */,
			);
			sourceTree = "<group>";
		};
		D37932871C7B7FC1008B7B64 /* Products */ = {
			isa = PBXGroup;
			children = (
				D37932861C7B7FC1008B7B64 /* RhythmTap.app */,
				D379329D1C7B7FC1008B7B64 /* RhythmTapTests.xctest */,
				D37932A81C7B7FC1008B7B64 /* RhythmTapUITests.xctest */,
			);
			name = Products;
			sourceTree = "<group>";
		};
		D37932881C7B7FC1008B7B64 /* RhythmTap */ = {
			isa = PBXGroup;
			children = (
				D3BB53811C8BAA73005DD54B /* Frameworks */,
				D37C77771C8A901000972147 /* Audio Processing */,
				D37C77731C8A8C1400972147 /* Third Party */,
				D3BED0111C7F7AE50047C2C5 /* Tracks */,
				D336D2891C8F372800C8BB36 /* Loading View */,
				D3BED0051C7F64810047C2C5 /* Home View */,
				F3677B051C7B9BFC00AD7471 /* Game View */,
				D37932891C7B7FC1008B7B64 /* AppDelegate.swift */,
				F3163A8D1C7F8B21000F9884 /* Main.storyboard */,
				D37932931C7B7FC1008B7B64 /* Assets.xcassets */,
				D37932951C7B7FC1008B7B64 /* LaunchScreen.storyboard */,
				D37932981C7B7FC1008B7B64 /* Info.plist */,
				D37932901C7B7FC1008B7B64 /* RhythmTap.xcdatamodeld */,
			);
			path = RhythmTap;
			sourceTree = "<group>";
		};
		D37932A01C7B7FC1008B7B64 /* RhythmTapTests */ = {
			isa = PBXGroup;
			children = (
				D37932A31C7B7FC1008B7B64 /* Info.plist */,
				D3D8A8AD1C7B82720017E533 /* HomeViewControllerTests.swift */,
				D37C777B1C8A943F00972147 /* AdvancedAudioPlayerTests.mm */,
				D3C058D61C8CDBF800308BF9 /* AudioAnalyzerTests.mm */,
			);
			path = RhythmTapTests;
			sourceTree = "<group>";
		};
		D37932AB1C7B7FC1008B7B64 /* RhythmTapUITests */ = {
			isa = PBXGroup;
			children = (
				D37932AC1C7B7FC1008B7B64 /* RhythmTapUITests.swift */,
				D37932AE1C7B7FC1008B7B64 /* Info.plist */,
			);
			path = RhythmTapUITests;
			sourceTree = "<group>";
		};
		D37C77731C8A8C1400972147 /* Third Party */ = {
			isa = PBXGroup;
			children = (
				D3BB53901C8BADD0005DD54B /* SuperpoweredIOSAudioIO.mm */,
				D3DC7F081C8B462400DE3F09 /* Superpowered3BandEQ.h */,
				D3DC7F091C8B462400DE3F09 /* SuperpoweredAdvancedAudioPlayer.h */,
				D3DC7F0A1C8B462400DE3F09 /* SuperpoweredAndroidAudioIO.h */,
				D3DC7F0B1C8B462400DE3F09 /* SuperpoweredAudioBuffers.h */,
				D3DC7F0C1C8B462400DE3F09 /* SuperpoweredBandpassFilterbank.h */,
				D3DC7F0D1C8B462400DE3F09 /* SuperpoweredClipper.h */,
				D3DC7F0E1C8B462400DE3F09 /* SuperpoweredCompressor.h */,
				D3DC7F0F1C8B462400DE3F09 /* SuperpoweredDecoder.h */,
				D3DC7F101C8B462400DE3F09 /* SuperpoweredEcho.h */,
				D3DC7F111C8B462400DE3F09 /* SuperpoweredFFT.h */,
				D3DC7F121C8B462400DE3F09 /* SuperpoweredFilter.h */,
				D3DC7F131C8B462400DE3F09 /* SuperpoweredFlanger.h */,
				D3DC7F141C8B462400DE3F09 /* SuperpoweredFrequencyDomain.h */,
				D3DC7F151C8B462400DE3F09 /* SuperpoweredFX.h */,
				D3DC7F161C8B462400DE3F09 /* SuperpoweredGate.h */,
				D3DC7F171C8B462400DE3F09 /* SuperpoweredIOSAudioIO.h */,
				D3DC7F181C8B462400DE3F09 /* SuperpoweredLimiter.h */,
				D3DC7F191C8B462400DE3F09 /* SuperpoweredMixer.h */,
				D3DC7F1A1C8B462400DE3F09 /* SuperpoweredOSXAudioIO.h */,
				D3DC7F1B1C8B462400DE3F09 /* SuperpoweredRecorder.h */,
				D3DC7F1C1C8B462400DE3F09 /* SuperpoweredResampler.h */,
				D3DC7F1D1C8B462400DE3F09 /* SuperpoweredReverb.h */,
				D3DC7F1E1C8B462400DE3F09 /* SuperpoweredRoll.h */,
				D3DC7F1F1C8B462400DE3F09 /* SuperpoweredSimple.h */,
				D3DC7F201C8B462400DE3F09 /* SuperpoweredTimeStretching.h */,
				D3DC7F211C8B462400DE3F09 /* SuperpoweredtvOSAudioIO.h */,
				D3DC7F221C8B462400DE3F09 /* SuperpoweredWhoosh.h */,
				D37C77741C8A8FB500972147 /* libSuperpoweredAudioIOS.a */,
				D37C77751C8A8FB500972147 /* SuperpoweredAnalyzer.h */,
			);
			name = "Third Party";
			path = ..;
			sourceTree = "<group>";
		};
		D37C77771C8A901000972147 /* Audio Processing */ = {
			isa = PBXGroup;
			children = (
				D34C09591C8E239E00B2BA00 /* AdvancedAudioPlayer.h */,
				D37C77791C8A912600972147 /* AdvancedAudioPlayer.mm */,
				D37C77781C8A912600972147 /* RhythmTap-Bridging-Header.h */,
				D3C058D41C8CD3BA00308BF9 /* AudioAnalyzer.mm */,
				D3C058D81C8CE7D100308BF9 /* AudioAnalyzer.h */,
				D3C058D91C8D1EAD00308BF9 /* AudioTrack.h */,
				D3C058DA1C8D1F1100308BF9 /* AudioTrack.m */,
			);
			name = "Audio Processing";
			sourceTree = "<group>";
		};
		D3BB53811C8BAA73005DD54B /* Frameworks */ = {
			isa = PBXGroup;
			children = (
				D3BB538E1C8BAABF005DD54B /* UIKit.framework */,
				D3BB538C1C8BAABA005DD54B /* CoreGraphics.framework */,
				D3BB538A1C8BAAB3005DD54B /* Foundation.framework */,
				D3BB53881C8BAAA9005DD54B /* AudioToolbox.framework */,
				D3BB53861C8BAAA0005DD54B /* AVFoundation.framework */,
				D3BB53841C8BAA97005DD54B /* MediaPlayer.framework */,
				D3BB53821C8BAA90005DD54B /* CoreMedia.framework */,
			);
			name = Frameworks;
			sourceTree = "<group>";
		};
		D3BED0051C7F64810047C2C5 /* Home View */ = {
			isa = PBXGroup;
			children = (
				D379328B1C7B7FC1008B7B64 /* HomeViewController.swift */,
			);
			name = "Home View";
			sourceTree = "<group>";
		};
		F3677B051C7B9BFC00AD7471 /* Game View */ = {
			isa = PBXGroup;
			children = (
				F3677B031C7B991E00AD7471 /* GameViewController.swift */,
				F3677B061C7B9C1600AD7471 /* Taps.swift */,
				D3BED0061C7F66450047C2C5 /* AudioPlayer.swift */,
			);
			name = "Game View";
			sourceTree = "<group>";
		};
/* End PBXGroup section */

/* Begin PBXNativeTarget section */
		D37932851C7B7FC1008B7B64 /* RhythmTap */ = {
			isa = PBXNativeTarget;
			buildConfigurationList = D37932B11C7B7FC1008B7B64 /* Build configuration list for PBXNativeTarget "RhythmTap" */;
			buildPhases = (
				D37932821C7B7FC1008B7B64 /* Sources */,
				D37932831C7B7FC1008B7B64 /* Frameworks */,
				D37932841C7B7FC1008B7B64 /* Resources */,
			);
			buildRules = (
			);
			dependencies = (
			);
			name = RhythmTap;
			productName = RhythmTap;
			productReference = D37932861C7B7FC1008B7B64 /* RhythmTap.app */;
			productType = "com.apple.product-type.application";
		};
		D379329C1C7B7FC1008B7B64 /* RhythmTapTests */ = {
			isa = PBXNativeTarget;
			buildConfigurationList = D37932B41C7B7FC1008B7B64 /* Build configuration list for PBXNativeTarget "RhythmTapTests" */;
			buildPhases = (
				D37932991C7B7FC1008B7B64 /* Sources */,
				D379329A1C7B7FC1008B7B64 /* Frameworks */,
				D379329B1C7B7FC1008B7B64 /* Resources */,
			);
			buildRules = (
			);
			dependencies = (
				D379329F1C7B7FC1008B7B64 /* PBXTargetDependency */,
			);
			name = RhythmTapTests;
			productName = RhythmTapTests;
			productReference = D379329D1C7B7FC1008B7B64 /* RhythmTapTests.xctest */;
			productType = "com.apple.product-type.bundle.unit-test";
		};
		D37932A71C7B7FC1008B7B64 /* RhythmTapUITests */ = {
			isa = PBXNativeTarget;
			buildConfigurationList = D37932B71C7B7FC1008B7B64 /* Build configuration list for PBXNativeTarget "RhythmTapUITests" */;
			buildPhases = (
				D37932A41C7B7FC1008B7B64 /* Sources */,
				D37932A51C7B7FC1008B7B64 /* Frameworks */,
				D37932A61C7B7FC1008B7B64 /* Resources */,
			);
			buildRules = (
			);
			dependencies = (
				D37932AA1C7B7FC1008B7B64 /* PBXTargetDependency */,
			);
			name = RhythmTapUITests;
			productName = RhythmTapUITests;
			productReference = D37932A81C7B7FC1008B7B64 /* RhythmTapUITests.xctest */;
			productType = "com.apple.product-type.bundle.ui-testing";
		};
/* End PBXNativeTarget section */

/* Begin PBXProject section */
		D379327E1C7B7FC1008B7B64 /* Project object */ = {
			isa = PBXProject;
			attributes = {
				LastSwiftUpdateCheck = 0720;
				LastUpgradeCheck = 0720;
				ORGANIZATIONNAME = "Brian Yip";
				TargetAttributes = {
					D37932851C7B7FC1008B7B64 = {
						CreatedOnToolsVersion = 7.2.1;
						DevelopmentTeam = G7WA36L2D9;
					};
					D379329C1C7B7FC1008B7B64 = {
						CreatedOnToolsVersion = 7.2.1;
						DevelopmentTeam = G7WA36L2D9;
						TestTargetID = D37932851C7B7FC1008B7B64;
					};
					D37932A71C7B7FC1008B7B64 = {
						CreatedOnToolsVersion = 7.2.1;
						DevelopmentTeam = G7WA36L2D9;
						TestTargetID = D37932851C7B7FC1008B7B64;
					};
				};
			};
			buildConfigurationList = D37932811C7B7FC1008B7B64 /* Build configuration list for PBXProject "RhythmTap" */;
			compatibilityVersion = "Xcode 3.2";
			developmentRegion = English;
			hasScannedForEncodings = 0;
			knownRegions = (
				en,
				Base,
			);
			mainGroup = D379327D1C7B7FC1008B7B64;
			productRefGroup = D37932871C7B7FC1008B7B64 /* Products */;
			projectDirPath = "";
			projectRoot = "";
			targets = (
				D37932851C7B7FC1008B7B64 /* RhythmTap */,
				D379329C1C7B7FC1008B7B64 /* RhythmTapTests */,
				D37932A71C7B7FC1008B7B64 /* RhythmTapUITests */,
			);
		};
/* End PBXProject section */

/* Begin PBXResourcesBuildPhase section */
		D37932841C7B7FC1008B7B64 /* Resources */ = {
			isa = PBXResourcesBuildPhase;
			buildActionMask = 2147483647;
			files = (
				D37932971C7B7FC1008B7B64 /* LaunchScreen.storyboard in Resources */,
				F3163A8E1C7F8B21000F9884 /* Main.storyboard in Resources */,
				D37932941C7B7FC1008B7B64 /* Assets.xcassets in Resources */,
				D3BED0121C7F7AE50047C2C5 /* Tracks in Resources */,
			);
			runOnlyForDeploymentPostprocessing = 0;
		};
		D379329B1C7B7FC1008B7B64 /* Resources */ = {
			isa = PBXResourcesBuildPhase;
			buildActionMask = 2147483647;
			files = (
			);
			runOnlyForDeploymentPostprocessing = 0;
		};
		D37932A61C7B7FC1008B7B64 /* Resources */ = {
			isa = PBXResourcesBuildPhase;
			buildActionMask = 2147483647;
			files = (
			);
			runOnlyForDeploymentPostprocessing = 0;
		};
/* End PBXResourcesBuildPhase section */

/* Begin PBXSourcesBuildPhase section */
		D37932821C7B7FC1008B7B64 /* Sources */ = {
			isa = PBXSourcesBuildPhase;
			buildActionMask = 2147483647;
			files = (
				F3677B041C7B991E00AD7471 /* GameViewController.swift in Sources */,
				D379328C1C7B7FC1008B7B64 /* HomeViewController.swift in Sources */,
				F3677B071C7B9C1600AD7471 /* Taps.swift in Sources */,
				D379328A1C7B7FC1008B7B64 /* AppDelegate.swift in Sources */,
				D3C058DB1C8D1F1100308BF9 /* AudioTrack.m in Sources */,
				D37932921C7B7FC1008B7B64 /* RhythmTap.xcdatamodeld in Sources */,
				D37C777A1C8A912600972147 /* AdvancedAudioPlayer.mm in Sources */,
				D3C058D51C8CD3BA00308BF9 /* AudioAnalyzer.mm in Sources */,
				D336D2881C8F370600C8BB36 /* LoadingViewController.swift in Sources */,
				D3BB53911C8BADD0005DD54B /* SuperpoweredIOSAudioIO.mm in Sources */,
				D3BED0071C7F66450047C2C5 /* AudioPlayer.swift in Sources */,
			);
			runOnlyForDeploymentPostprocessing = 0;
		};
		D37932991C7B7FC1008B7B64 /* Sources */ = {
			isa = PBXSourcesBuildPhase;
			buildActionMask = 2147483647;
			files = (
				D3D8A8AE1C7B82720017E533 /* HomeViewControllerTests.swift in Sources */,
				D3C058D71C8CDBF800308BF9 /* AudioAnalyzerTests.mm in Sources */,
				D37C777C1C8A943F00972147 /* AdvancedAudioPlayerTests.mm in Sources */,
			);
			runOnlyForDeploymentPostprocessing = 0;
		};
		D37932A41C7B7FC1008B7B64 /* Sources */ = {
			isa = PBXSourcesBuildPhase;
			buildActionMask = 2147483647;
			files = (
				D37932AD1C7B7FC1008B7B64 /* RhythmTapUITests.swift in Sources */,
			);
			runOnlyForDeploymentPostprocessing = 0;
		};
/* End PBXSourcesBuildPhase section */

/* Begin PBXTargetDependency section */
		D379329F1C7B7FC1008B7B64 /* PBXTargetDependency */ = {
			isa = PBXTargetDependency;
			target = D37932851C7B7FC1008B7B64 /* RhythmTap */;
			targetProxy = D379329E1C7B7FC1008B7B64 /* PBXContainerItemProxy */;
		};
		D37932AA1C7B7FC1008B7B64 /* PBXTargetDependency */ = {
			isa = PBXTargetDependency;
			target = D37932851C7B7FC1008B7B64 /* RhythmTap */;
			targetProxy = D37932A91C7B7FC1008B7B64 /* PBXContainerItemProxy */;
		};
/* End PBXTargetDependency section */

/* Begin PBXVariantGroup section */
		D37932951C7B7FC1008B7B64 /* LaunchScreen.storyboard */ = {
			isa = PBXVariantGroup;
			children = (
				D37932961C7B7FC1008B7B64 /* Base */,
			);
			name = LaunchScreen.storyboard;
			sourceTree = "<group>";
		};
/* End PBXVariantGroup section */

/* Begin XCBuildConfiguration section */
		D37932AF1C7B7FC1008B7B64 /* Debug */ = {
			isa = XCBuildConfiguration;
			buildSettings = {
				ALWAYS_SEARCH_USER_PATHS = NO;
				CLANG_CXX_LANGUAGE_STANDARD = "gnu++0x";
				CLANG_CXX_LIBRARY = "libc++";
				CLANG_ENABLE_MODULES = YES;
				CLANG_ENABLE_OBJC_ARC = YES;
				CLANG_WARN_BOOL_CONVERSION = YES;
				CLANG_WARN_CONSTANT_CONVERSION = YES;
				CLANG_WARN_DIRECT_OBJC_ISA_USAGE = YES_ERROR;
				CLANG_WARN_EMPTY_BODY = YES;
				CLANG_WARN_ENUM_CONVERSION = YES;
				CLANG_WARN_INT_CONVERSION = YES;
				CLANG_WARN_OBJC_ROOT_CLASS = YES_ERROR;
				CLANG_WARN_UNREACHABLE_CODE = YES;
				CLANG_WARN__DUPLICATE_METHOD_MATCH = YES;
				"CODE_SIGN_IDENTITY[sdk=iphoneos*]" = "iPhone Developer";
				COPY_PHASE_STRIP = NO;
				DEBUG_INFORMATION_FORMAT = dwarf;
				ENABLE_STRICT_OBJC_MSGSEND = YES;
				ENABLE_TESTABILITY = YES;
				GCC_C_LANGUAGE_STANDARD = gnu99;
				GCC_DYNAMIC_NO_PIC = NO;
				GCC_NO_COMMON_BLOCKS = YES;
				GCC_OPTIMIZATION_LEVEL = 0;
				GCC_PREPROCESSOR_DEFINITIONS = (
					"DEBUG=1",
					"$(inherited)",
				);
				GCC_WARN_64_TO_32_BIT_CONVERSION = YES;
				GCC_WARN_ABOUT_RETURN_TYPE = YES_ERROR;
				GCC_WARN_UNDECLARED_SELECTOR = YES;
				GCC_WARN_UNINITIALIZED_AUTOS = YES_AGGRESSIVE;
				GCC_WARN_UNUSED_FUNCTION = YES;
				GCC_WARN_UNUSED_VARIABLE = YES;
				IPHONEOS_DEPLOYMENT_TARGET = 9.2;
				MTL_ENABLE_DEBUG_INFO = YES;
				ONLY_ACTIVE_ARCH = YES;
				SDKROOT = iphoneos;
				SWIFT_OPTIMIZATION_LEVEL = "-Onone";
			};
			name = Debug;
		};
		D37932B01C7B7FC1008B7B64 /* Release */ = {
			isa = XCBuildConfiguration;
			buildSettings = {
				ALWAYS_SEARCH_USER_PATHS = NO;
				CLANG_CXX_LANGUAGE_STANDARD = "gnu++0x";
				CLANG_CXX_LIBRARY = "libc++";
				CLANG_ENABLE_MODULES = YES;
				CLANG_ENABLE_OBJC_ARC = YES;
				CLANG_WARN_BOOL_CONVERSION = YES;
				CLANG_WARN_CONSTANT_CONVERSION = YES;
				CLANG_WARN_DIRECT_OBJC_ISA_USAGE = YES_ERROR;
				CLANG_WARN_EMPTY_BODY = YES;
				CLANG_WARN_ENUM_CONVERSION = YES;
				CLANG_WARN_INT_CONVERSION = YES;
				CLANG_WARN_OBJC_ROOT_CLASS = YES_ERROR;
				CLANG_WARN_UNREACHABLE_CODE = YES;
				CLANG_WARN__DUPLICATE_METHOD_MATCH = YES;
				"CODE_SIGN_IDENTITY[sdk=iphoneos*]" = "iPhone Developer";
				COPY_PHASE_STRIP = NO;
				DEBUG_INFORMATION_FORMAT = "dwarf-with-dsym";
				ENABLE_NS_ASSERTIONS = NO;
				ENABLE_STRICT_OBJC_MSGSEND = YES;
				GCC_C_LANGUAGE_STANDARD = gnu99;
				GCC_NO_COMMON_BLOCKS = YES;
				GCC_WARN_64_TO_32_BIT_CONVERSION = YES;
				GCC_WARN_ABOUT_RETURN_TYPE = YES_ERROR;
				GCC_WARN_UNDECLARED_SELECTOR = YES;
				GCC_WARN_UNINITIALIZED_AUTOS = YES_AGGRESSIVE;
				GCC_WARN_UNUSED_FUNCTION = YES;
				GCC_WARN_UNUSED_VARIABLE = YES;
				IPHONEOS_DEPLOYMENT_TARGET = 9.2;
				MTL_ENABLE_DEBUG_INFO = NO;
				SDKROOT = iphoneos;
				VALIDATE_PRODUCT = YES;
			};
			name = Release;
		};
		D37932B21C7B7FC1008B7B64 /* Debug */ = {
			isa = XCBuildConfiguration;
			buildSettings = {
				ASSETCATALOG_COMPILER_APPICON_NAME = AppIcon;
				CLANG_ENABLE_MODULES = YES;
				INFOPLIST_FILE = RhythmTap/Info.plist;
				LD_RUNPATH_SEARCH_PATHS = "$(inherited) @executable_path/Frameworks";
				LIBRARY_SEARCH_PATHS = (
					"$(inherited)",
					"\"$(PROJECT_DIR)/Third Party\"",
				);
				PRODUCT_BUNDLE_IDENTIFIER = itsbriany.RhythmTap;
				PRODUCT_NAME = "$(TARGET_NAME)";
				SWIFT_OBJC_BRIDGING_HEADER = "RhythmTap/RhythmTap-Bridging-Header.h";
				SWIFT_OPTIMIZATION_LEVEL = "-Onone";
			};
			name = Debug;
		};
		D37932B31C7B7FC1008B7B64 /* Release */ = {
			isa = XCBuildConfiguration;
			buildSettings = {
				ASSETCATALOG_COMPILER_APPICON_NAME = AppIcon;
				CLANG_ENABLE_MODULES = YES;
				INFOPLIST_FILE = RhythmTap/Info.plist;
				LD_RUNPATH_SEARCH_PATHS = "$(inherited) @executable_path/Frameworks";
				LIBRARY_SEARCH_PATHS = (
					"$(inherited)",
					"\"$(PROJECT_DIR)/Third Party\"",
				);
				PRODUCT_BUNDLE_IDENTIFIER = itsbriany.RhythmTap;
				PRODUCT_NAME = "$(TARGET_NAME)";
				SWIFT_OBJC_BRIDGING_HEADER = "RhythmTap/RhythmTap-Bridging-Header.h";
			};
			name = Release;
		};
		D37932B51C7B7FC1008B7B64 /* Debug */ = {
			isa = XCBuildConfiguration;
			buildSettings = {
				BUNDLE_LOADER = "$(TEST_HOST)";
				CLANG_ENABLE_MODULES = YES;
				INFOPLIST_FILE = RhythmTapTests/Info.plist;
				LD_RUNPATH_SEARCH_PATHS = "$(inherited) @executable_path/Frameworks @loader_path/Frameworks";
				PRODUCT_BUNDLE_IDENTIFIER = itsbriany.RhythmTapTests;
				PRODUCT_NAME = "$(TARGET_NAME)";
				SWIFT_OPTIMIZATION_LEVEL = "-Onone";
				TEST_HOST = "$(BUILT_PRODUCTS_DIR)/RhythmTap.app/RhythmTap";
			};
			name = Debug;
		};
		D37932B61C7B7FC1008B7B64 /* Release */ = {
			isa = XCBuildConfiguration;
			buildSettings = {
				BUNDLE_LOADER = "$(TEST_HOST)";
				CLANG_ENABLE_MODULES = YES;
				INFOPLIST_FILE = RhythmTapTests/Info.plist;
				LD_RUNPATH_SEARCH_PATHS = "$(inherited) @executable_path/Frameworks @loader_path/Frameworks";
				PRODUCT_BUNDLE_IDENTIFIER = itsbriany.RhythmTapTests;
				PRODUCT_NAME = "$(TARGET_NAME)";
				TEST_HOST = "$(BUILT_PRODUCTS_DIR)/RhythmTap.app/RhythmTap";
			};
			name = Release;
		};
		D37932B81C7B7FC1008B7B64 /* Debug */ = {
			isa = XCBuildConfiguration;
			buildSettings = {
				INFOPLIST_FILE = RhythmTapUITests/Info.plist;
				LD_RUNPATH_SEARCH_PATHS = "$(inherited) @executable_path/Frameworks @loader_path/Frameworks";
				PRODUCT_BUNDLE_IDENTIFIER = itsbriany.RhythmTapUITests;
				PRODUCT_NAME = "$(TARGET_NAME)";
				TEST_TARGET_NAME = RhythmTap;
				USES_XCTRUNNER = YES;
			};
			name = Debug;
		};
		D37932B91C7B7FC1008B7B64 /* Release */ = {
			isa = XCBuildConfiguration;
			buildSettings = {
				INFOPLIST_FILE = RhythmTapUITests/Info.plist;
				LD_RUNPATH_SEARCH_PATHS = "$(inherited) @executable_path/Frameworks @loader_path/Frameworks";
				PRODUCT_BUNDLE_IDENTIFIER = itsbriany.RhythmTapUITests;
				PRODUCT_NAME = "$(TARGET_NAME)";
				TEST_TARGET_NAME = RhythmTap;
				USES_XCTRUNNER = YES;
			};
			name = Release;
		};
/* End XCBuildConfiguration section */

/* Begin XCConfigurationList section */
		D37932811C7B7FC1008B7B64 /* Build configuration list for PBXProject "RhythmTap" */ = {
			isa = XCConfigurationList;
			buildConfigurations = (
				D37932AF1C7B7FC1008B7B64 /* Debug */,
				D37932B01C7B7FC1008B7B64 /* Release */,
			);
			defaultConfigurationIsVisible = 0;
			defaultConfigurationName = Release;
		};
		D37932B11C7B7FC1008B7B64 /* Build configuration list for PBXNativeTarget "RhythmTap" */ = {
			isa = XCConfigurationList;
			buildConfigurations = (
				D37932B21C7B7FC1008B7B64 /* Debug */,
				D37932B31C7B7FC1008B7B64 /* Release */,
			);
			defaultConfigurationIsVisible = 0;
			defaultConfigurationName = Release;
		};
		D37932B41C7B7FC1008B7B64 /* Build configuration list for PBXNativeTarget "RhythmTapTests" */ = {
			isa = XCConfigurationList;
			buildConfigurations = (
				D37932B51C7B7FC1008B7B64 /* Debug */,
				D37932B61C7B7FC1008B7B64 /* Release */,
			);
			defaultConfigurationIsVisible = 0;
			defaultConfigurationName = Release;
		};
		D37932B71C7B7FC1008B7B64 /* Build configuration list for PBXNativeTarget "RhythmTapUITests" */ = {
			isa = XCConfigurationList;
			buildConfigurations = (
				D37932B81C7B7FC1008B7B64 /* Debug */,
				D37932B91C7B7FC1008B7B64 /* Release */,
			);
			defaultConfigurationIsVisible = 0;
			defaultConfigurationName = Release;
		};
/* End XCConfigurationList section */

/* Begin XCVersionGroup section */
		D37932901C7B7FC1008B7B64 /* RhythmTap.xcdatamodeld */ = {
			isa = XCVersionGroup;
			children = (
				D37932911C7B7FC1008B7B64 /* RhythmTap.xcdatamodel */,
			);
			currentVersion = D37932911C7B7FC1008B7B64 /* RhythmTap.xcdatamodel */;
			path = RhythmTap.xcdatamodeld;
			sourceTree = "<group>";
			versionGroupType = wrapper.xcdatamodel;
		};
/* End XCVersionGroup section */
	};
	rootObject = D379327E1C7B7FC1008B7B64 /* Project object */;
}
